
Microsoft Visual Studio Solution File, Format Version 12.00
# Visual Studio Version 16
VisualStudioVersion = 16.0.810.10
MinimumVisualStudioVersion = 10.0.40219.1
Project("{FAE04EC0-301F-11D3-BF4B-00C04F79EFBC}") = "toolbqndapi", "toolbqndapi\toolbqndapi.csproj", "{3886C019-F834-42A5-B5BE-6DBB9EB5B9B6}"
EndProject
Global
	GlobalSection(SolutionConfigurationPlatforms) = preSolution
		Debug|Any CPU = Debug|Any CPU
		Release|Any CPU = Release|Any CPU
	EndGlobalSection
	GlobalSection(ProjectConfigurationPlatforms) = postSolution
		{3886C019-F834-42A5-B5BE-6DBB9EB5B9B6}.Debug|Any CPU.ActiveCfg = Debug|Any CPU
		{3886C019-F834-42A5-B5BE-6DBB9EB5B9B6}.Debug|Any CPU.Build.0 = Debug|Any CPU
		{3886C019-F834-42A5-B5BE-6DBB9EB5B9B6}.Release|Any CPU.ActiveCfg = Release|Any CPU
		{3886C019-F834-42A5-B5BE-6DBB9EB5B9B6}.Release|Any CPU.Build.0 = Release|Any CPU
	EndGlobalSection
	GlobalSection(SolutionProperties) = preSolution
		HideSolutionNode = FALSE
	EndGlobalSection
	GlobalSection(ExtensibilityGlobals) = postSolution
		SolutionGuid = {F29A6CA9-1B7D-453A-B0D9-43C1DBE856AF}
	EndGlobalSection
EndGlobal
